
Microsoft Visual Studio Solution File, Format Version 12.00
# Visual Studio Version 16
VisualStudioVersion = 16.0.30611.23
MinimumVisualStudioVersion = 10.0.40219.1
Project("{FAE04EC0-301F-11D3-BF4B-00C04F79EFBC}") = "BaseDelegateApi", "BaseDelegateApi\BaseDelegateApi.csproj", "{23C38896-B4F3-46B2-80FD-79E2CAD3F9B0}"
EndProject
Global
	GlobalSection(SolutionConfigurationPlatforms) = preSolution
		Debug|Any CPU = Debug|Any CPU
		Release|Any CPU = Release|Any CPU
	EndGlobalSection
	GlobalSection(ProjectConfigurationPlatforms) = postSolution
		{23C38896-B4F3-46B2-80FD-79E2CAD3F9B0}.Debug|Any CPU.ActiveCfg = Debug|Any CPU
		{23C38896-B4F3-46B2-80FD-79E2CAD3F9B0}.Debug|Any CPU.Build.0 = Debug|Any CPU
		{23C38896-B4F3-46B2-80FD-79E2CAD3F9B0}.Release|Any CPU.ActiveCfg = Release|Any CPU
		{23C38896-B4F3-46B2-80FD-79E2CAD3F9B0}.Release|Any CPU.Build.0 = Release|Any CPU
	EndGlobalSection
	GlobalSection(SolutionProperties) = preSolution
		HideSolutionNode = FALSE
	EndGlobalSection
	GlobalSection(ExtensibilityGlobals) = postSolution
		SolutionGuid = {E2212F2B-FD4D-4B9A-BB72-3F31D1AB8CD3}
	EndGlobalSection
EndGlobal
